PODS:
  - Crashlytics (3.8.3):
    - Fabric (~> 1.6.3)
  - Fabric (1.6.11)
  - FSCalendar (2.7.0)
  - Material (2.4.6):
    - Material/Core (= 2.4.6)
  - Material/Core (2.4.6)
  - SWTableViewCell (0.3.7)

DEPENDENCIES:
  - Crashlytics
  - Fabric
  - FSCalendar (from `https://github.com/WenchaoD/FSCalendar.git`, branch `development`)
  - Material
  - SWTableViewCell

EXTERNAL SOURCES:
  FSCalendar:
    :branch: development
    :git: https://github.com/WenchaoD/FSCalendar.git

CHECKOUT OPTIONS:
  FSCalendar:
    :commit: 0959ddad9346dbd20e1a5d503c037ba8b0f9a9e4
    :git: https://github.com/WenchaoD/FSCalendar.git

SPEC CHECKSUMS:
  Crashlytics: 2b6dbe138a42395577cfa73dfa1aa7248cadf39e
  Fabric: 5911403591946b8228ab1c51d98f1d7137e863c6
  FSCalendar: 4957703ebd99b4fd0bfd46bf3e3c6465c0a25482
  Material: 43bd91d61e86ae2b6d6574e28fcb1ed48ff813cb
  SWTableViewCell: 2a94aadc9d47b2b611fa064566bf57948b95b579

PODFILE CHECKSUM: 0630e2ac657782283f57a8bacf74c64b7d57c71f

COCOAPODS: 1.1.1
